PODS:
  - audio_session (0.0.1):
    - Flutter
  - bitmovin_player (0.5.0):
    - BitmovinPlayer (= 3.56.3)
    - Flutter
  - BitmovinAnalyticsCollector/BitmovinPlayer (3.6.0):
    - BitmovinAnalyticsCollector/Core
    - BitmovinPlayerCore (~> 3.48)
  - BitmovinAnalyticsCollector/Core (3.6.0)
  - BitmovinPlayer (3.56.3):
    - BitmovinAnalyticsCollector/BitmovinPlayer (~> 3.0)
    - BitmovinPlayerCore (= 3.56.3)
  - BitmovinPlayerCore (3.56.3)
  - Flutter (1.0.0)
  - google-cast-sdk (4.8.0):
    - google-cast-sdk/Core (= 4.8.0)
    - Protobuf (~> 3.13)
  - google-cast-sdk/Core (4.8.0):
    - Protobuf (~> 3.13)
  - integration_test (0.0.1):
    - Flutter
  - Protobuf (3.25.3)

DEPENDENCIES:
  - audio_session (from `.symlinks/plugins/audio_session/ios`)
  - bitmovin_player (from `.symlinks/plugins/bitmovin_player/ios`)
  - Flutter (from `Flutter`)
  - google-cast-sdk (= 4.8.0)
  - integration_test (from `.symlinks/plugins/integration_test/ios`)

SPEC REPOS:
  https://github.com/bitmovin/cocoapod-specs.git:
    - BitmovinAnalyticsCollector
    - BitmovinPlayer
    - BitmovinPlayerCore
  trunk:
    - google-cast-sdk
    - Protobuf

EXTERNAL SOURCES:
  audio_session:
    :path: ".symlinks/plugins/audio_session/ios"
  bitmovin_player:
    :path: ".symlinks/plugins/bitmovin_player/ios"
  Flutter:
    :path: Flutter
  integration_test:
    :path: ".symlinks/plugins/integration_test/ios"

SPEC CHECKSUMS:
  audio_session: 4f3e461722055d21515cf3261b64c973c062f345
  bitmovin_player: b2fbf77b7a95044baaeac135d64e0fd8840b9684
  BitmovinAnalyticsCollector: 70f10cfc67f7e4bf38daddf4362f54bd6125683d
  BitmovinPlayer: 307f5fda61d0a91c3c820207dd6ae0f183a06c27
  BitmovinPlayerCore: a0022248b42971e7df20435790703f17fb08359d
  Flutter: e0871f40cf51350855a761d2e70bf5af5b9b5de7
  google-cast-sdk: afeb1aac0744b1bc4f70bc3db8468e33fabbff38
  integration_test: 13825b8a9334a850581300559b8839134b124670
  Protobuf: 8e9074797a13c484a79959fdb819ef4ae6da7dbe

PODFILE CHECKSUM: e48a3a0a5b85430696a33218ef01a28b12ca570f

COCOAPODS: 1.14.3
