PODS:
  - audio_session (0.0.1):
    - Flutter
  - bitmovin_player (0.24.0):
    - BitmovinPlayer (= 3.110.0)
    - Flutter
  - BitmovinAnalyticsCollector/BitmovinPlayer (3.23.0):
    - BitmovinAnalyticsCollector/Core
    - BitmovinPlayerCore (~> 3.51)
  - BitmovinAnalyticsCollector/Core (3.23.0)
  - BitmovinPlayer (3.110.0):
    - BitmovinAnalyticsCollector/BitmovinPlayer (~> 3.0)
    - BitmovinPlayerCore (= 3.110.0)
  - BitmovinPlayerCore (3.110.0)
  - Flutter (1.0.0)
  - google-cast-sdk (4.8.4)
  - integration_test (0.0.1):
    - Flutter

DEPENDENCIES:
  - audio_session (from `.symlinks/plugins/audio_session/ios`)
  - bitmovin_player (from `.symlinks/plugins/bitmovin_player/ios`)
  - Flutter (from `Flutter`)
  - google-cast-sdk (= 4.8.4)
  - integration_test (from `.symlinks/plugins/integration_test/ios`)

SPEC REPOS:
  trunk:
    - BitmovinAnalyticsCollector
    - BitmovinPlayer
    - BitmovinPlayerCore
    - google-cast-sdk

EXTERNAL SOURCES:
  audio_session:
    :path: ".symlinks/plugins/audio_session/ios"
  bitmovin_player:
    :path: ".symlinks/plugins/bitmovin_player/ios"
  Flutter:
    :path: Flutter
  integration_test:
    :path: ".symlinks/plugins/integration_test/ios"

SPEC CHECKSUMS:
  audio_session: 19e9480dbdd4e5f6c4543826b2e8b0e4ab6145fe
  bitmovin_player: ce0770c9d5a60697007d2b6f1b78556883b52e62
  BitmovinAnalyticsCollector: f92a8315830618812e37f63dd8c3877713ce3056
  BitmovinPlayer: 112a440f4c1b61c4561a563857573fdfe31ecd17
  BitmovinPlayerCore: 5a9be686a097d51cc8d73180cbe65b55fcbacafa
  Flutter: cabc95a1d2626b1b06e7179b784ebcf0c0cde467
  google-cast-sdk: 32f65af50d164e3c475e79ad123db3cc26fbcd37
  integration_test: 252f60fa39af5e17c3aa9899d35d908a0721b573

PODFILE CHECKSUM: 66830397a34713def0a26177a8ef3e5804ad37cc

COCOAPODS: 1.16.2
